# THIS IS AN AUTOGENERATED FILE. DO NOT EDIT THIS FILE DIRECTLY.
# yarn lockfile v1


"@types/debug@0.0.30":
  version "0.0.30"
  resolved "https://registry.yarnpkg.com/@types/debug/-/debug-0.0.30.tgz#dc1e40f7af3b9c815013a7860e6252f6352a84df"
  integrity sha512-orGL5LXERPYsLov6CWs3Fh6203+dXzJkR7OnddIr2514Hsecwc8xRpzCapshBbKFImCsvS/mk6+FWiN5LyZJAQ==

"@types/debug@^0.0.31":
  version "0.0.31"
  resolved "https://registry.yarnpkg.com/@types/debug/-/debug-0.0.31.tgz#bac8d8aab6a823e91deb7f79083b2a35fa638f33"
  integrity sha512-LS1MCPaQKqspg7FvexuhmDbWUhE2yIJ+4AgVIyObfc06/UKZ8REgxGNjZc82wPLWmbeOm7S+gSsLgo75TanG4A==

"@types/long@4.0.0":
  version "4.0.0"
  resolved "https://registry.yarnpkg.com/@types/long/-/long-4.0.0.tgz#719551d2352d301ac8b81db732acb6bdc28dbdef"
  integrity sha512-1w52Nyx4Gq47uuu0EVcsHBxZFJgurQ+rTKS3qMHxR1GY2T8c2AJYd6vZoZ9q1rupaDjU0yT+Jc2XTyXkjeMA+Q==

"@types/long@^4.0.0":
  version "4.0.1"
  resolved "https://registry.yarnpkg.com/@types/long/-/long-4.0.1.tgz#459c65fa1867dafe6a8f322c4c51695663cc55e9"
  integrity sha512-5tXH6Bx/kNGd3MgffdmP4dy2Z+G4eaXw0SE81Tq3BNadtnMR5/ySMzX4SLEzHJzSmPNn4HIdpQsBvXMUykr58w==

"@types/node@*":
  version "13.9.1"
  resolved "https://registry.yarnpkg.com/@types/node/-/node-13.9.1.tgz#96f606f8cd67fb018847d9b61e93997dabdefc72"
  integrity sha512-E6M6N0blf/jiZx8Q3nb0vNaswQeEyn0XlupO+xN6DtJ6r6IT4nXrTry7zhIfYvFCl3/8Cu6WIysmUBKiqV0bqQ==

"@types/node@^10.5.1", "@types/node@^10.7.1":
  version "10.17.17"
  resolved "https://registry.yarnpkg.com/@types/node/-/node-10.17.17.tgz#7a183163a9e6ff720d86502db23ba4aade5999b8"
  integrity sha512-gpNnRnZP3VWzzj5k3qrpRC6Rk3H/uclhAVo1aIvwzK5p5cOrs9yEyQ8H/HBsBY0u5rrWxXEiVPQ0dEB6pkjE8Q==

"@types/ws@^6.0.0":
  version "6.0.4"
  resolved "https://registry.yarnpkg.com/@types/ws/-/ws-6.0.4.tgz#7797707c8acce8f76d8c34b370d4645b70421ff1"
  integrity sha512-PpPrX7SZW9re6+Ha8ojZG4Se8AZXgf0GK6zmfqEuCsY49LFDNXO3SByp44X3dFEqtB73lkCDAdUazhAjVPiNwg==
  dependencies:
    "@types/node" "*"

ajv@^6.1.1:
  version "6.12.0"
  resolved "https://registry.yarnpkg.com/ajv/-/ajv-6.12.0.tgz#06d60b96d87b8454a5adaba86e7854da629db4b7"
  integrity sha512-D6gFiFA0RRLyUbvijN74DWAjXSFxWKaWP7mldxkVhyhAV3+SWA9HEJPHQ2c9soIeTFJqcSdFDGFgdqs1iUU2Hw==
  dependencies:
    fast-deep-equal "^3.1.1"
    fast-json-stable-stringify "^2.0.0"
    json-schema-traverse "^0.4.1"
    uri-js "^4.2.2"

ansi-styles@^3.2.1:
  version "3.2.1"
  resolved "https://registry.yarnpkg.com/ansi-styles/-/ansi-styles-3.2.1.tgz#41fbb20243e50b12be0f04b8dedbf07520ce841d"
  integrity sha512-VT0ZI6kZRdTh8YyJw3SMbYm/u+NqfsAxEpWO0Pf9sq8/e94WxxOpPKx9FR1FlyCtOVDNOQ+8ntlqFxiRc+r5qA==
  dependencies:
    color-convert "^1.9.0"

async-limiter@~1.0.0:
  version "1.0.1"
  resolved "https://registry.yarnpkg.com/async-limiter/-/async-limiter-1.0.1.tgz#dd379e94f0db8310b08291f9d64c3209766617fd"
  integrity sha512-csOlWGAcRFJaI6m+F2WKdnMKr4HhdhFVBk0H/QbJFMCr+uO2kwohwXQPxw/9OCxp05r5ghVBFSyioixx3gfkNQ==

bignumber.js@^5.0.0:
  version "5.0.0"
  resolved "https://registry.yarnpkg.com/bignumber.js/-/bignumber.js-5.0.0.tgz#fbce63f09776b3000a83185badcde525daf34833"
  integrity sha512-KWTu6ZMVk9sxlDJQh2YH1UOnfDP8O8TpxUxgQG/vKASoSnEjK9aVuOueFaPcQEYQ5fyNXNTOYwYw3099RYebWg==

bignumber.js@^7.2.1:
  version "7.2.1"
  resolved "https://registry.yarnpkg.com/bignumber.js/-/bignumber.js-7.2.1.tgz#80c048759d826800807c4bfd521e50edbba57a5f"
  integrity sha512-S4XzBk5sMB+Rcb/LNcpzXr57VRTxgAvaAEDAl1AwRx27j00hT84O6OkteE7u8UB3NuaaygCRrEpqox4uDOrbdQ==

bintrees@1.0.1:
  version "1.0.1"
  resolved "https://registry.yarnpkg.com/bintrees/-/bintrees-1.0.1.tgz#0e655c9b9c2435eaab68bf4027226d2b55a34524"
  integrity sha1-DmVcm5wkNeqraL9AJyJtK1WjRSQ=

btp-packet@^2.2.0:
  version "2.2.1"
  resolved "https://registry.yarnpkg.com/btp-packet/-/btp-packet-2.2.1.tgz#00e9c36c5f2dc6bbad7d34d22e0a4c3a166c1244"
  integrity sha512-zegopYmsieDNzbST/t85p6oR2fiX7QLxDp/Iznu39+vl2nwYn19xQQYgHYjMwkmnassk9WteVWtP1QXDM8qr7A==
  dependencies:
    dateformat "^3.0.3"
    oer-utils "^5.0.0"

buffer-from@^1.0.0:
  version "1.1.1"
  resolved "https://registry.yarnpkg.com/buffer-from/-/buffer-from-1.1.1.tgz#32713bc028f75c02fdb710d7c7bcec1f2c6070ef"
  integrity sha512-MQcXEUbCKtEo7bhqEs6560Hyd4XaovZlO/k9V3hjVUF/zwW7KBVdSK4gIt/bzwS9MbR5qob+F5jusZsb0YQK2A==

camel-case@^3.0.0:
  version "3.0.0"
  resolved "https://registry.yarnpkg.com/camel-case/-/camel-case-3.0.0.tgz#ca3c3688a4e9cf3a4cda777dc4dcbc713249cf73"
  integrity sha1-yjw2iKTpzzpM2nd9xNy8cTJJz3M=
  dependencies:
    no-case "^2.2.0"
    upper-case "^1.1.1"

chalk@^2.3.0:
  version "2.4.2"
  resolved "https://registry.yarnpkg.com/chalk/-/chalk-2.4.2.tgz#cd42541677a54333cf541a49108c1432b44c9424"
  integrity sha512-Mti+f9lpJNcwF4tWV8/OrTTtF1gZi+f8FqlyAdouralcFWFQWF2+NgCHShjkCb+IFBLq9buZwE1xckQU4peSuQ==
  dependencies:
    ansi-styles "^3.2.1"
    escape-string-regexp "^1.0.5"
    supports-color "^5.3.0"

change-case@^3.0.1:
  version "3.1.0"
  resolved "https://registry.yarnpkg.com/change-case/-/change-case-3.1.0.tgz#0e611b7edc9952df2e8513b27b42de72647dd17e"
  integrity sha512-2AZp7uJZbYEzRPsFoa+ijKdvp9zsrnnt6+yFokfwEpeJm0xuJDVoxiRCAaTzyJND8GJkofo2IcKWaUZ/OECVzw==
  dependencies:
    camel-case "^3.0.0"
    constant-case "^2.0.0"
    dot-case "^2.1.0"
    header-case "^1.0.0"
    is-lower-case "^1.1.0"
    is-upper-case "^1.1.0"
    lower-case "^1.1.1"
    lower-case-first "^1.0.0"
    no-case "^2.3.2"
    param-case "^2.1.0"
    pascal-case "^2.0.0"
    path-case "^2.1.0"
    sentence-case "^2.1.0"
    snake-case "^2.1.0"
    swap-case "^1.1.0"
    title-case "^2.1.0"
    upper-case "^1.1.1"
    upper-case-first "^1.1.0"

color-convert@^1.9.0:
  version "1.9.3"
  resolved "https://registry.yarnpkg.com/color-convert/-/color-convert-1.9.3.tgz#bb71850690e1f136567de629d2d5471deda4c1e8"
  integrity sha512-QfAUtd+vFdAtFQcC8CCyYt1fYWxSqAiK2cSD6zDB8N3cpsEBAvRxp9zOGg6G/SHHJYAT88/az/IuDGALsNVbGg==
  dependencies:
    color-name "1.1.3"

color-name@1.1.3:
  version "1.1.3"
  resolved "https://registry.yarnpkg.com/color-name/-/color-name-1.1.3.tgz#a7d0558bd89c42f795dd42328f740831ca53bc25"
  integrity sha1-p9BVi9icQveV3UIyj3QIMcpTvCU=

constant-case@^2.0.0:
  version "2.0.0"
  resolved "https://registry.yarnpkg.com/constant-case/-/constant-case-2.0.0.tgz#4175764d389d3fa9c8ecd29186ed6005243b6a46"
  integrity sha1-QXV2TTidP6nI7NKRhu1gBSQ7akY=
  dependencies:
    snake-case "^2.1.0"
    upper-case "^1.1.1"

core-util-is@~1.0.0:
  version "1.0.2"
  resolved "https://registry.yarnpkg.com/core-util-is/-/core-util-is-1.0.2.tgz#b5fd54220aa2bc5ab57aab7140c940754503c1a7"
  integrity sha1-tf1UIgqivFq1eqtxQMlAdUUDwac=

dateformat@^3.0.3:
  version "3.0.3"
  resolved "https://registry.yarnpkg.com/dateformat/-/dateformat-3.0.3.tgz#a6e37499a4d9a9cf85ef5872044d62901c9889ae"
  integrity sha512-jyCETtSl3VMZMWeRo7iY1FL19ges1t55hMo5yaam4Jrsm5EPL89UQkoQRyiI+Yf4k8r2ZpdngkV8hr1lIdjb3Q==

debug@^3.1.0:
  version "3.2.6"
  resolved "https://registry.yarnpkg.com/debug/-/debug-3.2.6.tgz#e83d17de16d8a7efb7717edbe5fb10135eee629b"
  integrity sha512-mel+jf7nrtEl5Pn1Qx46zARXKDpBbvzezse7p7LqINmdoIk8PYP5SySaxEmYv6TZ0JyEKA1hsCId6DIhgITtWQ==
  dependencies:
    ms "^2.1.1"

debug@^4.1.0:
  version "4.1.1"
  resolved "https://registry.yarnpkg.com/debug/-/debug-4.1.1.tgz#3b72260255109c6b589cee050f1d516139664791"
  integrity sha512-pYAIzeRo8J6KPEaJ0VWOh5Pzkbw/RetuzehGM7QRRX5he4fPHx2rdKMB256ehJCkX+XRQm16eZLqLNS8RSZXZw==
  dependencies:
    ms "^2.1.1"

dot-case@^2.1.0:
  version "2.1.1"
  resolved "https://registry.yarnpkg.com/dot-case/-/dot-case-2.1.1.tgz#34dcf37f50a8e93c2b3bca8bb7fb9155c7da3bee"
  integrity sha1-NNzzf1Co6TwrO8qLt/uRVcfaO+4=
  dependencies:
    no-case "^2.2.0"

escape-string-regexp@^1.0.5:
  version "1.0.5"
  resolved "https://registry.yarnpkg.com/escape-string-regexp/-/escape-string-regexp-1.0.5.tgz#1b61c0562190a8dff6ae3bb2cf0200ca130b86d4"
  integrity sha1-G2HAViGQqN/2rjuyzwIAyhMLhtQ=

eventemitter2@^5.0.0:
  version "5.0.1"
  resolved "https://registry.yarnpkg.com/eventemitter2/-/eventemitter2-5.0.1.tgz#6197a095d5fb6b57e8942f6fd7eaad63a09c9452"
  integrity sha1-YZegldX7a1folC9v1+qtY6CclFI=

extensible-error@^1.0.2:
  version "1.0.2"
  resolved "https://registry.yarnpkg.com/extensible-error/-/extensible-error-1.0.2.tgz#6e71e9e5663017f81963cb5b332ed15e8d1960c7"
  integrity sha512-kXU1FiTsGT8PyMKtFM074RK/VBpzwuQJicAHqBpsPDeTXBQiSALPjkjKXlyKdG/GP6lR7bBaEkq8qdoO2geu9g==

fast-deep-equal@^3.1.1:
  version "3.1.1"
  resolved "https://registry.yarnpkg.com/fast-deep-equal/-/fast-deep-equal-3.1.1.tgz#545145077c501491e33b15ec408c294376e94ae4"
  integrity sha512-8UEa58QDLauDNfpbrX55Q9jrGHThw2ZMdOky5Gl1CDtVeJDPVrG4Jxx1N8jw2gkWaff5UUuX1KJd+9zGe2B+ZA==

fast-json-stable-stringify@^2.0.0:
  version "2.1.0"
  resolved "https://registry.yarnpkg.com/fast-json-stable-stringify/-/fast-json-stable-stringify-2.1.0.tgz#874bf69c6f404c2b5d99c481341399fd55892633"
  integrity sha512-lhd/wF+Lk98HZoTCtlVraHtfh5XYijIjalXck7saUtuanSDyLMxnHhSXEDJqHxD7msR8D0uCmqlkwjCV8xvwHw==

has-flag@^3.0.0:
  version "3.0.0"
  resolved "https://registry.yarnpkg.com/has-flag/-/has-flag-3.0.0.tgz#b5d454dc2199ae225699f3467e5a07f3b955bafd"
  integrity sha1-tdRU3CGZriJWmfNGfloH87lVuv0=

header-case@^1.0.0:
  version "1.0.1"
  resolved "https://registry.yarnpkg.com/header-case/-/header-case-1.0.1.tgz#9535973197c144b09613cd65d317ef19963bd02d"
  integrity sha1-lTWXMZfBRLCWE81l0xfvGZY70C0=
  dependencies:
    no-case "^2.2.0"
    upper-case "^1.1.3"

ilp-compat-plugin@^2.0.3:
  version "2.0.3"
  resolved "https://registry.yarnpkg.com/ilp-compat-plugin/-/ilp-compat-plugin-2.0.3.tgz#24bee78a150a71afbcc310d7f394105ea05bad48"
  integrity sha512-enMMJJ4T6Q0+GWbyov2Oe/14ikEgmy6feMWGOrXpUy1NtFLskDPGL+GKFG7kJNq5OlqHUz1SUqU224odOE65Cg==
  dependencies:
    debug "^3.1.0"
    ilp-packet "^2.1.0"
    oer-utils "^1.3.4"
    uuid "^3.1.0"

ilp-connector@^23.0.0:
  version "23.0.0"
  resolved "https://registry.yarnpkg.com/ilp-connector/-/ilp-connector-23.0.0.tgz#da6ee17309876ce656d59f0d6f422cf8977783c9"
  integrity sha512-xSv07hkHUZ/l8DTO4zKhG6vTgSwGG5ennomz4WYj4iq2qE11a6AZWBbO+asOFC37SQEhFQ84gHTZuyY8SdulrA==
  dependencies:
    ajv "^6.1.1"
    bignumber.js "^7.2.1"
    change-case "^3.0.1"
    debug "^3.1.0"
    extensible-error "^1.0.2"
    ilp-compat-plugin "^2.0.3"
    ilp-packet "^3.0.7"
    ilp-protocol-ccp "^1.1.1"
    ilp-protocol-ildcp "^2.0.0"
    lodash "^4.17.4"
    long "^4.0.0"
    node-fetch "^2.0.0"
    oer-utils "^4.0.0"
    prom-client "^11.1.1"
    reduct "^3.3.1"
    riverpig "^1.1.4"
    sax "^1.2.4"
    source-map-support "^0.5.0"
    through2 "^2.0.3"

ilp-logger@^1.1.3:
  version "1.2.1"
  resolved "https://registry.yarnpkg.com/ilp-logger/-/ilp-logger-1.2.1.tgz#d6c50a9f94a43e8f4969da5557798fed915de34a"
  integrity sha512-Qj3DjoF8ROdVXhk6oFOA3XuwXBoK8gFxUOKD9h5w0jDGokTiUVzHQp8Nsq6WT8CZh6rObmnw5GtFWHYlKhp3yQ==
  dependencies:
    "@types/debug" "^0.0.31"
    debug "^4.1.0"
    supports-color "^5.5.0"

ilp-packet@^2.1.0, ilp-packet@^2.1.2:
  version "2.2.0"
  resolved "https://registry.yarnpkg.com/ilp-packet/-/ilp-packet-2.2.0.tgz#a8725cc26331c6e2c653538a1063d55014305e31"
  integrity sha1-qHJcwmMxxuLGU1OKEGPVUBQwXjE=
  dependencies:
    bignumber.js "^5.0.0"
    extensible-error "^1.0.2"
    long "^3.2.0"
    oer-utils "^1.3.2"

ilp-packet@^3.0.7, ilp-packet@^3.0.8:
  version "3.0.9"
  resolved "https://registry.yarnpkg.com/ilp-packet/-/ilp-packet-3.0.9.tgz#ff3d619bba0c069f540b9e57a91a5afbf5d42af6"
  integrity sha512-tw4uuLQDIJSMFLmNSbQ1ImeW/Yfb3p+naVJe3ghdPwJQWT3Qd48ghAYyz5oo8Oa3evw6TBipNIV0iO+Mz5Zy+g==
  dependencies:
    extensible-error "^1.0.2"
    oer-utils "^5.0.0"

ilp-packet@^3.1.0-alpha.0:
  version "3.1.0-alpha.0"
  resolved "https://registry.yarnpkg.com/ilp-packet/-/ilp-packet-3.1.0-alpha.0.tgz#13bcea0c1d23c3f5129efbbdb804f1eae820a891"
  integrity sha512-GGzY9ftkfsPXAMlcJEwUCSzewecKKsYmw3gHLIT90YjpgQW56Xr0HDanNEHjnrMyBYkwjUf48zxEB9tHZCVkEw==
  dependencies:
    extensible-error "^1.0.2"
    oer-utils "^5.1.0-alpha.0"

ilp-plugin-btp@^1.3.5, ilp-plugin-btp@^1.4.2:
  version "1.4.2"
  resolved "https://registry.yarnpkg.com/ilp-plugin-btp/-/ilp-plugin-btp-1.4.2.tgz#1fd975c10dce1f97a14d888ef0db24742641b150"
  integrity sha512-hIyObSH7JnxITVhs+fWKgm8gG60zVM4yyj4qqUpa2S0CZLM0uFFfdJ+VEBIFInw1c1s0l8+WKP8OzuYrCkODDw==
  dependencies:
    "@types/debug" "0.0.30"
    "@types/node" "^10.7.1"
    "@types/ws" "^6.0.0"
    btp-packet "^2.2.0"
    debug "^3.1.0"
    eventemitter2 "^5.0.0"
    ilp-logger "^1.1.3"
    ws "^6.0.0"

ilp-plugin-mini-accounts@^4.2.0:
  version "4.2.0"
  resolved "https://registry.yarnpkg.com/ilp-plugin-mini-accounts/-/ilp-plugin-mini-accounts-4.2.0.tgz#cf4a84e2db91a0f70e7aabc46dd05bfd659bcc91"
  integrity sha512-jw4TafgPilHuhxJKOfJQvXam0XgXobhDd5R+Qef+KRb8VIRkUvo1HpPVoqPwejxD0wUwkNCMdH+LJoy3m8bHAw==
  dependencies:
    "@types/node" "^10.5.1"
    "@types/ws" "^6.0.0"
    btp-packet "^2.2.0"
    ilp-logger "^1.1.3"
    ilp-packet "^3.0.8"
    ilp-plugin-btp "^1.3.5"
    ilp-protocol-ildcp "^2.0.1"
    ilp-store-memory "^1.0.0"
    ilp-store-wrapper "^2.0.0"
    int64 "0.0.5"
    ws "^6.0.0"

ilp-protocol-ccp@^1.1.1:
  version "1.1.1"
  resolved "https://registry.yarnpkg.com/ilp-protocol-ccp/-/ilp-protocol-ccp-1.1.1.tgz#e6b4ef91b434eca9a6bff229812be619f0349838"
  integrity sha512-V6FDkE5BQ5l/MO7e9DZUrj+gd6C0aLBsh2DPNgcTMLeB8alZoKoKFcaMJ4x6OAlsInI2124fZAoWBntVtTIAiw==
  dependencies:
    ilp-packet "^2.1.2"
    oer-utils "^1.3.4"

ilp-protocol-ildcp@^2.0.0, ilp-protocol-ildcp@^2.0.1:
  version "2.1.4"
  resolved "https://registry.yarnpkg.com/ilp-protocol-ildcp/-/ilp-protocol-ildcp-2.1.4.tgz#6edb5f0d99e33e7b0df9c105ca26037d229d32c8"
  integrity sha512-+DUJlbacQTKrI+Pmnz/PH9luX78dOiRTHG+xQzm3MXD0PO0oYLt35t9d+nfzSyba0S+4QQEnAOv8eEnFZwcW0A==
  dependencies:
    debug "^3.1.0"
    ilp-packet "^3.1.0-alpha.0"
    oer-utils "^5.1.0-alpha.0"

ilp-store-memory@^1.0.0:
  version "1.0.0"
  resolved "https://registry.yarnpkg.com/ilp-store-memory/-/ilp-store-memory-1.0.0.tgz#53befe9941a776c5357c15d81d97875133141d6c"
  integrity sha512-OxGD//mRTmw2zauj2ZrDvPcozfl8WHJPOgpwrjYc9i+nBxECwIJZKd8JxHAUwf/lQuRAoyY4rxPq0hZ6rpcIvA==

ilp-store-wrapper@^2.0.0:
  version "2.0.0"
  resolved "https://registry.yarnpkg.com/ilp-store-wrapper/-/ilp-store-wrapper-2.0.0.tgz#9b483c842510b695b69f3551f4f1bfa3b6292de7"
  integrity sha512-blCYuzHISjUc7JUua48yl39WmWiuwQaxVi4Bx/HFIgbOgprsfPJXHJqy3YpCBvR4aEL2i2l5aSq4C9trUbFXMA==

inherits@~2.0.3:
  version "2.0.4"
  resolved "https://registry.yarnpkg.com/inherits/-/inherits-2.0.4.tgz#0fa2c64f932917c3433a0ded55363aae37416b7c"
  integrity sha512-k/vGaX4/Yla3WzyMCvTQOXYeIHvqOKtnqBduzTHpzpQZzAskKMhZ2K+EnBiSM9zGSoIFeMpXKxa4dYeZIQqewQ==

int64@0.0.5:
  version "0.0.5"
  resolved "https://registry.yarnpkg.com/int64/-/int64-0.0.5.tgz#2539a6fceeb9dcc119bb45438a7210b53cc6fc4a"
  integrity sha1-JTmm/O653MEZu0VDinIQtTzG/Eo=

is-lower-case@^1.1.0:
  version "1.1.3"
  resolved "https://registry.yarnpkg.com/is-lower-case/-/is-lower-case-1.1.3.tgz#7e147be4768dc466db3bfb21cc60b31e6ad69393"
  integrity sha1-fhR75HaNxGbbO/shzGCzHmrWk5M=
  dependencies:
    lower-case "^1.1.0"

is-upper-case@^1.1.0:
  version "1.1.2"
  resolved "https://registry.yarnpkg.com/is-upper-case/-/is-upper-case-1.1.2.tgz#8d0b1fa7e7933a1e58483600ec7d9661cbaf756f"
  integrity sha1-jQsfp+eTOh5YSDYA7H2WYcuvdW8=
  dependencies:
    upper-case "^1.1.0"

isarray@~1.0.0:
  version "1.0.0"
  resolved "https://registry.yarnpkg.com/isarray/-/isarray-1.0.0.tgz#bb935d48582cba168c06834957a54a3e07124f11"
  integrity sha1-u5NdSFgsuhaMBoNJV6VKPgcSTxE=

json-schema-traverse@^0.4.1:
  version "0.4.1"
  resolved "https://registry.yarnpkg.com/json-schema-traverse/-/json-schema-traverse-0.4.1.tgz#69f6a87d9513ab8bb8fe63bdb0979c448e684660"
  integrity sha512-xbbCH5dCYU5T8LcEhhuh7HJ88HXuW3qsI3Y0zOZFKfZEHcpWiHU/Jxzk629Brsab/mMiHQti9wMP+845RPe3Vg==

lodash@^4.17.4:
  version "4.17.15"
  resolved "https://registry.yarnpkg.com/lodash/-/lodash-4.17.15.tgz#b447f6670a0455bbfeedd11392eff330ea097548"
  integrity sha512-8xOcRHvCjnocdS5cpwXQXVzmmh5e5+saE2QGoeQmbKmRS6J3VQppPOIt0MnmE+4xlZoumy0GPG0D0MVIQbNA1A==

long@^3.2.0:
  version "3.2.0"
  resolved "https://registry.yarnpkg.com/long/-/long-3.2.0.tgz#d821b7138ca1cb581c172990ef14db200b5c474b"
  integrity sha1-2CG3E4yhy1gcFymQ7xTbIAtcR0s=

long@^4.0.0:
  version "4.0.0"
  resolved "https://registry.yarnpkg.com/long/-/long-4.0.0.tgz#9a7b71cfb7d361a194ea555241c92f7468d5bf28"
  integrity sha512-XsP+KhQif4bjX1kbuSiySJFNAehNxgLb6hPRGJ9QsUr8ajHkuXGdrHmFUTUUXhDwVX2R5bY4JNZEwbUiMhV+MA==

lower-case-first@^1.0.0:
  version "1.0.2"
  resolved "https://registry.yarnpkg.com/lower-case-first/-/lower-case-first-1.0.2.tgz#e5da7c26f29a7073be02d52bac9980e5922adfa1"
  integrity sha1-5dp8JvKacHO+AtUrrJmA5ZIq36E=
  dependencies:
    lower-case "^1.1.2"

lower-case@^1.1.0, lower-case@^1.1.1, lower-case@^1.1.2:
  version "1.1.4"
  resolved "https://registry.yarnpkg.com/lower-case/-/lower-case-1.1.4.tgz#9a2cabd1b9e8e0ae993a4bf7d5875c39c42e8eac"
  integrity sha1-miyr0bno4K6ZOkv31YdcOcQujqw=

ms@^2.1.1:
  version "2.1.2"
  resolved "https://registry.yarnpkg.com/ms/-/ms-2.1.2.tgz#d09d1f357b443f493382a8eb3ccd183872ae6009"
  integrity sha512-sGkPx+VjMtmA6MX27oA4FBFELFCZZ4S4XqeGOXCv68tT+jb3vk/RyaKWP0PTKyWtmLSM0b+adUTEvbs1PEaH2w==

no-case@^2.2.0, no-case@^2.3.2:
  version "2.3.2"
  resolved "https://registry.yarnpkg.com/no-case/-/no-case-2.3.2.tgz#60b813396be39b3f1288a4c1ed5d1e7d28b464ac"
  integrity sha512-rmTZ9kz+f3rCvK2TD1Ue/oZlns7OGoIWP4fc3llxxRXlOkHKoWPPWJOfFYpITabSow43QJbRIoHQXtt10VldyQ==
  dependencies:
    lower-case "^1.1.1"

node-fetch@^2.0.0:
  version "2.6.0"
  resolved "https://registry.yarnpkg.com/node-fetch/-/node-fetch-2.6.0.tgz#e633456386d4aa55863f676a7ab0daa8fdecb0fd"
  integrity sha512-8dG4H5ujfvFiqDmVu9fQ5bOHUC15JMjMY/Zumv26oOvvVJjM67KF8koCWIabKQ1GJIa9r2mMZscBq/TbdOcmNA==

oer-utils@^1.3.2, oer-utils@^1.3.4:
  version "1.3.4"
  resolved "https://registry.yarnpkg.com/oer-utils/-/oer-utils-1.3.4.tgz#b2a9adbc92bc19155a2a00f045683d1e6d4ac823"
  integrity sha1-sqmtvJK8GRVaKgDwRWg9Hm1KyCM=

oer-utils@^4.0.0:
  version "4.0.0"
  resolved "https://registry.yarnpkg.com/oer-utils/-/oer-utils-4.0.0.tgz#bfd1227d2441b709079814fdebd50e9edab764fb"
  integrity sha512-WxX0gNGSS0Lzig4IdliHlIQ03PVTpIuLFbOAag5lJrx1hWNG3f/yhx3QOmORpoXe2e53HZbeet8qoOAsiWz5BQ==
  dependencies:
    bignumber.js "^7.2.1"

oer-utils@^5.0.0:
  version "5.0.1"
  resolved "https://registry.yarnpkg.com/oer-utils/-/oer-utils-5.0.1.tgz#f52fba7eb550948d2dd6a5462e249f59f97b708d"
  integrity sha512-/+b8EC7RsNBkK+0weoUD55dKa5K2kUAIMM6KY62ssOtu7EyCcqi7idOesaXoUZEYezeZrvu09MOuias/RWVubw==
  dependencies:
    "@types/long" "^4.0.0"
    long "^4.0.0"

oer-utils@^5.1.0-alpha.0:
  version "5.1.0-alpha.0"
  resolved "https://registry.yarnpkg.com/oer-utils/-/oer-utils-5.1.0-alpha.0.tgz#b8b99ad13030140c9b5cebe7953ce4752d4bf73f"
  integrity sha512-PIjF1+jT6DENZe/WfAHU+F/xZ8aLes+TW6Wpalz2t0k2BoOdCQrgrTL/8z9jtOueR152kjxDox3meJXF+LRh3g==
  dependencies:
    "@types/long" "4.0.0"
    long "^4.0.0"

param-case@^2.1.0:
  version "2.1.1"
  resolved "https://registry.yarnpkg.com/param-case/-/param-case-2.1.1.tgz#df94fd8cf6531ecf75e6bef9a0858fbc72be2247"
  integrity sha1-35T9jPZTHs915r75oIWPvHK+Ikc=
  dependencies:
    no-case "^2.2.0"

pascal-case@^2.0.0:
  version "2.0.1"
  resolved "https://registry.yarnpkg.com/pascal-case/-/pascal-case-2.0.1.tgz#2d578d3455f660da65eca18ef95b4e0de912761e"
  integrity sha1-LVeNNFX2YNpl7KGO+VtODekSdh4=
  dependencies:
    camel-case "^3.0.0"
    upper-case-first "^1.1.0"

path-case@^2.1.0:
  version "2.1.1"
  resolved "https://registry.yarnpkg.com/path-case/-/path-case-2.1.1.tgz#94b8037c372d3fe2906e465bb45e25d226e8eea5"
  integrity sha1-lLgDfDctP+KQbkZbtF4l0ibo7qU=
  dependencies:
    no-case "^2.2.0"

process-nextick-args@~2.0.0:
  version "2.0.1"
  resolved "https://registry.yarnpkg.com/process-nextick-args/-/process-nextick-args-2.0.1.tgz#7820d9b16120cc55ca9ae7792680ae7dba6d7fe2"
  integrity sha512-3ouUOpQhtgrbOa17J7+uxOTpITYWaGP7/AhoR3+A+/1e9skrzelGi/dXzEYyvbxubEF6Wn2ypscTKiKJFFn1ag==

prom-client@^11.1.1:
  version "11.5.3"
  resolved "https://registry.yarnpkg.com/prom-client/-/prom-client-11.5.3.tgz#5fedfce1083bac6c2b223738e966d0e1643756f8"
  integrity sha512-iz22FmTbtkyL2vt0MdDFY+kWof+S9UB/NACxSn2aJcewtw+EERsen0urSkZ2WrHseNdydsvcxCTAnPcSMZZv4Q==
  dependencies:
    tdigest "^0.1.1"

punycode@^2.1.0:
  version "2.1.1"
  resolved "https://registry.yarnpkg.com/punycode/-/punycode-2.1.1.tgz#b58b010ac40c22c5657616c8d2c2c02c7bf479ec"
  integrity sha512-XRsRjdf+j5ml+y/6GKHPZbrF/8p2Yga0JPtdqTIY2Xe5ohJPD9saDJJLPvp9+NSBprVvevdXZybnj2cv8OEd0A==

readable-stream@~2.3.6:
  version "2.3.7"
  resolved "https://registry.yarnpkg.com/readable-stream/-/readable-stream-2.3.7.tgz#1eca1cf711aef814c04f62252a36a62f6cb23b57"
  integrity sha512-Ebho8K4jIbHAxnuxi7o42OrZgF/ZTNcsZj6nRKyUmkhLFq8CHItp/fy6hQZuZmP/n3yZ9VBUbp4zz/mX8hmYPw==
  dependencies:
    core-util-is "~1.0.0"
    inherits "~2.0.3"
    isarray "~1.0.0"
    process-nextick-args "~2.0.0"
    safe-buffer "~5.1.1"
    string_decoder "~1.1.1"
    util-deprecate "~1.0.1"

reduct@^3.3.1:
  version "3.3.1"
  resolved "https://registry.yarnpkg.com/reduct/-/reduct-3.3.1.tgz#249340d404deec5a6e6ec958b5076192578b88d2"
  integrity sha512-1OaOZqNczCfns093pnxtvOqe/1fr758JIIHlQkBritMMm3O1aPiDA3Wmj5gDsQjsBqMKB7lYU0BaUHIqLbS5sA==

riverpig@^1.1.4:
  version "1.1.4"
  resolved "https://registry.yarnpkg.com/riverpig/-/riverpig-1.1.4.tgz#83da1a77a1b54f2a6130e7115b001533446a1340"
  integrity sha512-V2hBp+E8a6MpV7hXGlX0gelkC1gTHTa6a+JQ8t2+IjnhTesDYIpBwI7IG+qtb7aTj4A2R0SnOcUDLjLSBc3A6A==
  dependencies:
    chalk "^2.3.0"
    debug "^3.1.0"

safe-buffer@~5.1.0, safe-buffer@~5.1.1:
  version "5.1.2"
  resolved "https://registry.yarnpkg.com/safe-buffer/-/safe-buffer-5.1.2.tgz#991ec69d296e0313747d59bdfd2b745c35f8828d"
  integrity sha512-Gd2UZBJDkXlY7GbJxfsE8/nvKkUEU1G38c1siN6QP6a9PT9MmHB8GnpscSmMJSoF8LOIrt8ud/wPtojys4G6+g==

sax@^1.2.4:
  version "1.2.4"
  resolved "https://registry.yarnpkg.com/sax/-/sax-1.2.4.tgz#2816234e2378bddc4e5354fab5caa895df7100d9"
  integrity sha512-NqVDv9TpANUjFm0N8uM5GxL36UgKi9/atZw+x7YFnQ8ckwFGKrl4xX4yWtrey3UJm5nP1kUbnYgLopqWNSRhWw==

sentence-case@^2.1.0:
  version "2.1.1"
  resolved "https://registry.yarnpkg.com/sentence-case/-/sentence-case-2.1.1.tgz#1f6e2dda39c168bf92d13f86d4a918933f667ed4"
  integrity sha1-H24t2jnBaL+S0T+G1KkYkz9mftQ=
  dependencies:
    no-case "^2.2.0"
    upper-case-first "^1.1.2"

snake-case@^2.1.0:
  version "2.1.0"
  resolved "https://registry.yarnpkg.com/snake-case/-/snake-case-2.1.0.tgz#41bdb1b73f30ec66a04d4e2cad1b76387d4d6d9f"
  integrity sha1-Qb2xtz8w7GagTU4srRt2OH1NbZ8=
  dependencies:
    no-case "^2.2.0"

source-map-support@^0.5.0:
  version "0.5.16"
  resolved "https://registry.yarnpkg.com/source-map-support/-/source-map-support-0.5.16.tgz#0ae069e7fe3ba7538c64c98515e35339eac5a042"
  integrity sha512-efyLRJDr68D9hBBNIPWFjhpFzURh+KJykQwvMyW5UiZzYwoF6l4YMMDIJJEyFWxWCqfyxLzz6tSfUFR+kXXsVQ==
  dependencies:
    buffer-from "^1.0.0"
    source-map "^0.6.0"

source-map@^0.6.0:
  version "0.6.1"
  resolved "https://registry.yarnpkg.com/source-map/-/source-map-0.6.1.tgz#74722af32e9614e9c287a8d0bbde48b5e2f1a263"
  integrity sha512-UjgapumWlbMhkBgzT7Ykc5YXUT46F0iKu8SGXq0bcwP5dz/h0Plj6enJqjz1Zbq2l5WaqYnrVbwWOWMyF3F47g==

string_decoder@~1.1.1:
  version "1.1.1"
  resolved "https://registry.yarnpkg.com/string_decoder/-/string_decoder-1.1.1.tgz#9cf1611ba62685d7030ae9e4ba34149c3af03fc8"
  integrity sha512-n/ShnvDi6FHbbVfviro+WojiFzv+s8MPMHBczVePfUpDJLwoLT0ht1l4YwBCbi8pJAveEEdnkHyPyTP/mzRfwg==
  dependencies:
    safe-buffer "~5.1.0"

supports-color@^5.3.0, supports-color@^5.5.0:
  version "5.5.0"
  resolved "https://registry.yarnpkg.com/supports-color/-/supports-color-5.5.0.tgz#e2e69a44ac8772f78a1ec0b35b689df6530efc8f"
  integrity sha512-QjVjwdXIt408MIiAqCX4oUKsgU2EqAGzs2Ppkm4aQYbjm+ZEWEcW4SfFNTr4uMNZma0ey4f5lgLrkB0aX0QMow==
  dependencies:
    has-flag "^3.0.0"

swap-case@^1.1.0:
  version "1.1.2"
  resolved "https://registry.yarnpkg.com/swap-case/-/swap-case-1.1.2.tgz#c39203a4587385fad3c850a0bd1bcafa081974e3"
  integrity sha1-w5IDpFhzhfrTyFCgvRvK+ggZdOM=
  dependencies:
    lower-case "^1.1.1"
    upper-case "^1.1.1"

tdigest@^0.1.1:
  version "0.1.1"
  resolved "https://registry.yarnpkg.com/tdigest/-/tdigest-0.1.1.tgz#2e3cb2c39ea449e55d1e6cd91117accca4588021"
  integrity sha1-Ljyyw56kSeVdHmzZEReszKRYgCE=
  dependencies:
    bintrees "1.0.1"

through2@^2.0.3:
  version "2.0.5"
  resolved "https://registry.yarnpkg.com/through2/-/through2-2.0.5.tgz#01c1e39eb31d07cb7d03a96a70823260b23132cd"
  integrity sha512-/mrRod8xqpA+IHSLyGCQ2s8SPHiCDEeQJSep1jqLYeEUClOFG2Qsh+4FU6G9VeqpZnGW/Su8LQGc4YKni5rYSQ==
  dependencies:
    readable-stream "~2.3.6"
    xtend "~4.0.1"

title-case@^2.1.0:
  version "2.1.1"
  resolved "https://registry.yarnpkg.com/title-case/-/title-case-2.1.1.tgz#3e127216da58d2bc5becf137ab91dae3a7cd8faa"
  integrity sha1-PhJyFtpY0rxb7PE3q5Ha46fNj6o=
  dependencies:
    no-case "^2.2.0"
    upper-case "^1.0.3"

upper-case-first@^1.1.0, upper-case-first@^1.1.2:
  version "1.1.2"
  resolved "https://registry.yarnpkg.com/upper-case-first/-/upper-case-first-1.1.2.tgz#5d79bedcff14419518fd2edb0a0507c9b6859115"
  integrity sha1-XXm+3P8UQZUY/S7bCgUHybaFkRU=
  dependencies:
    upper-case "^1.1.1"

upper-case@^1.0.3, upper-case@^1.1.0, upper-case@^1.1.1, upper-case@^1.1.3:
  version "1.1.3"
  resolved "https://registry.yarnpkg.com/upper-case/-/upper-case-1.1.3.tgz#f6b4501c2ec4cdd26ba78be7222961de77621598"
  integrity sha1-9rRQHC7EzdJrp4vnIilh3ndiFZg=

uri-js@^4.2.2:
  version "4.2.2"
  resolved "https://registry.yarnpkg.com/uri-js/-/uri-js-4.2.2.tgz#94c540e1ff772956e2299507c010aea6c8838eb0"
  integrity sha512-KY9Frmirql91X2Qgjry0Wd4Y+YTdrdZheS8TFwvkbLWf/G5KNJDCh6pKL5OZctEW4+0Baa5idK2ZQuELRwPznQ==
  dependencies:
    punycode "^2.1.0"

util-deprecate@~1.0.1:
  version "1.0.2"
  resolved "https://registry.yarnpkg.com/util-deprecate/-/util-deprecate-1.0.2.tgz#450d4dc9fa70de732762fbd2d4a28981419a0ccf"
  integrity sha1-RQ1Nyfpw3nMnYvvS1KKJgUGaDM8=

uuid@^3.1.0:
  version "3.4.0"
  resolved "https://registry.yarnpkg.com/uuid/-/uuid-3.4.0.tgz#b23e4358afa8a202fe7a100af1f5f883f02007ee"
  integrity sha512-HjSDRw6gZE5JMggctHBcjVak08+KEVhSIiDzFnT9S9aegmp85S/bReBVTb4QTFaRNptJ9kuYaNhnbNEOkbKb/A==

ws@^6.0.0:
  version "6.2.2"
  resolved "https://registry.yarnpkg.com/ws/-/ws-6.2.2.tgz#dd5cdbd57a9979916097652d78f1cc5faea0c32e"
  integrity sha512-zmhltoSR8u1cnDsD43TX59mzoMZsLKqUweyYBAIvTngR3shc0W6aOZylZmq/7hqyVxPdi+5Ud2QInblgyE72fw==
  dependencies:
    async-limiter "~1.0.0"

xtend@~4.0.1:
  version "4.0.2"
  resolved "https://registry.yarnpkg.com/xtend/-/xtend-4.0.2.tgz#bb72779f5fa465186b1f438f674fa347fdb5db54"
  integrity sha512-LKYU1iAXJXUgAXn9URjiu+MWhyUXHsvfp7mcuYm9dSUKK0/CjtrUwFAxD82/mCWbtLsGjFIad0wIsod4zrTAEQ==
